
Microsoft Visual Studio Solution File, Format Version 12.00
# Visual Studio Version 17
VisualStudioVersion = 17.11.35312.102
MinimumVisualStudioVersion = 10.0.40219.1
Project("{FAE04EC0-301F-11D3-BF4B-00C04F79EFBC}") = "CalculatorAppTest", "CalculatorAppTest.csproj", "{3D2E5974-273F-4A69-97B9-7972BF824E1D}"
EndProject
Global
	GlobalSection(SolutionConfigurationPlatforms) = preSolution
		Debug|Any CPU = Debug|Any CPU
		Release|Any CPU = Release|Any CPU
	EndGlobalSection
	GlobalSection(ProjectConfigurationPlatforms) = postSolution
		{3D2E5974-273F-4A69-97B9-7972BF824E1D}.Debug|Any CPU.ActiveCfg = Debug|Any CPU
		{3D2E5974-273F-4A69-97B9-7972BF824E1D}.Debug|Any CPU.Build.0 = Debug|Any CPU
		{3D2E5974-273F-4A69-97B9-7972BF824E1D}.Release|Any CPU.ActiveCfg = Release|Any CPU
		{3D2E5974-273F-4A69-97B9-7972BF824E1D}.Release|Any CPU.Build.0 = Release|Any CPU
	EndGlobalSection
	GlobalSection(SolutionProperties) = preSolution
		HideSolutionNode = FALSE
	EndGlobalSection
	GlobalSection(ExtensibilityGlobals) = postSolution
		SolutionGuid = {78F0B34F-8C44-468C-BAF0-BD2CF6E6C370}
	EndGlobalSection
EndGlobal
